
Microsoft Visual Studio Solution File, Format Version 12.00
# Visual Studio Version 17
VisualStudioVersion = 17.9.34902.65
MinimumVisualStudioVersion = 10.0.40219.1
Project("{9A19103F-16F7-4668-BE54-9A1E7A4F7556}") = "InterviewProgram", "InterviewProgram.csproj", "{8D3D8FA6-CC29-4C82-A434-AB6B2DB5496B}"
EndProject
Project("{9A19103F-16F7-4668-BE54-9A1E7A4F7556}") = "ReverseString", "ReverseString\ReverseString.csproj", "{C0F454F1-C5A8-4A49-99B2-02723CB32996}"
EndProject
Project("{9A19103F-16F7-4668-BE54-9A1E7A4F7556}") = "PalindromeString", "PalindromeString\PalindromeString.csproj", "{18053E27-0761-4DE7-969A-83721A4EAB49}"
EndProject
Project("{FAE04EC0-301F-11D3-BF4B-00C04F79EFBC}") = "Fibonacci Series", "Fibonacci Series\Fibonacci Series.csproj", "{A4D652DA-9D42-43CE-B136-F8B3B0D6E5E8}"
EndProject
Global
	GlobalSection(SolutionConfigurationPlatforms) = preSolution
		Debug|Any CPU = Debug|Any CPU
		Release|Any CPU = Release|Any CPU
	EndGlobalSection
	GlobalSection(ProjectConfigurationPlatforms) = postSolution
		{8D3D8FA6-CC29-4C82-A434-AB6B2DB5496B}.Debug|Any CPU.ActiveCfg = Debug|Any CPU
		{8D3D8FA6-CC29-4C82-A434-AB6B2DB5496B}.Debug|Any CPU.Build.0 = Debug|Any CPU
		{8D3D8FA6-CC29-4C82-A434-AB6B2DB5496B}.Release|Any CPU.ActiveCfg = Release|Any CPU
		{8D3D8FA6-CC29-4C82-A434-AB6B2DB5496B}.Release|Any CPU.Build.0 = Release|Any CPU
		{C0F454F1-C5A8-4A49-99B2-02723CB32996}.Debug|Any CPU.ActiveCfg = Debug|Any CPU
		{C0F454F1-C5A8-4A49-99B2-02723CB32996}.Debug|Any CPU.Build.0 = Debug|Any CPU
		{C0F454F1-C5A8-4A49-99B2-02723CB32996}.Release|Any CPU.ActiveCfg = Release|Any CPU
		{C0F454F1-C5A8-4A49-99B2-02723CB32996}.Release|Any CPU.Build.0 = Release|Any CPU
		{18053E27-0761-4DE7-969A-83721A4EAB49}.Debug|Any CPU.ActiveCfg = Debug|Any CPU
		{18053E27-0761-4DE7-969A-83721A4EAB49}.Debug|Any CPU.Build.0 = Debug|Any CPU
		{18053E27-0761-4DE7-969A-83721A4EAB49}.Release|Any CPU.ActiveCfg = Release|Any CPU
		{18053E27-0761-4DE7-969A-83721A4EAB49}.Release|Any CPU.Build.0 = Release|Any CPU
		{A4D652DA-9D42-43CE-B136-F8B3B0D6E5E8}.Debug|Any CPU.ActiveCfg = Debug|Any CPU
		{A4D652DA-9D42-43CE-B136-F8B3B0D6E5E8}.Debug|Any CPU.Build.0 = Debug|Any CPU
		{A4D652DA-9D42-43CE-B136-F8B3B0D6E5E8}.Release|Any CPU.ActiveCfg = Release|Any CPU
		{A4D652DA-9D42-43CE-B136-F8B3B0D6E5E8}.Release|Any CPU.Build.0 = Release|Any CPU
	EndGlobalSection
	GlobalSection(SolutionProperties) = preSolution
		HideSolutionNode = FALSE
	EndGlobalSection
	GlobalSection(ExtensibilityGlobals) = postSolution
		SolutionGuid = {B80E9140-6045-4581-A974-9CBB3A657737}
	EndGlobalSection
EndGlobal
