
Microsoft Visual Studio Solution File, Format Version 12.00
# Visual Studio Version 17
VisualStudioVersion = 17.9.34902.65
MinimumVisualStudioVersion = 10.0.40219.1
Project("{9A19103F-16F7-4668-BE54-9A1E7A4F7556}") = "InterviewProgram", "InterviewProgram.csproj", "{8D3D8FA6-CC29-4C82-A434-AB6B2DB5496B}"
EndProject
Project("{9A19103F-16F7-4668-BE54-9A1E7A4F7556}") = "ReverseString", "ReverseString\ReverseString.csproj", "{C0F454F1-C5A8-4A49-99B2-02723CB32996}"
EndProject
Project("{9A19103F-16F7-4668-BE54-9A1E7A4F7556}") = "PalindromeString", "PalindromeString\PalindromeString.csproj", "{18053E27-0761-4DE7-969A-83721A4EAB49}"
EndProject
Project("{9A19103F-16F7-4668-BE54-9A1E7A4F7556}") = "Fibonacci Series", "Fibonacci Series\Fibonacci Series.csproj", "{A4D652DA-9D42-43CE-B136-F8B3B0D6E5E8}"
EndProject
Project("{9A19103F-16F7-4668-BE54-9A1E7A4F7556}") = "ArmstrongNumber", "ArmstrongNumber\ArmstrongNumber.csproj", "{A3F15E3A-0370-4E34-9031-1D50F46803C7}"
EndProject
Project("{9A19103F-16F7-4668-BE54-9A1E7A4F7556}") = "Swap_Two_Numbers_Without_Third_Variable", "Swap_Two_Numbers_Without_Third_Variable\Swap_Two_Numbers_Without_Third_Variable.csproj", "{D2F37506-9793-4EEC-9BA2-E02F4EC13DFB}"
EndProject
Project("{9A19103F-16F7-4668-BE54-9A1E7A4F7556}") = "Factorial_Program", "Factorial_Program\Factorial_Program.csproj", "{0E46BA28-2D23-49CE-990A-09085BD0ECCF}"
EndProject
Project("{9A19103F-16F7-4668-BE54-9A1E7A4F7556}") = "Count_Vowels_in_String", "Count_Vowels_in_String\Count_Vowels_in_String.csproj", "{19989BFF-7B04-407B-8E36-95EF9211D8C2}"
EndProject
Project("{9A19103F-16F7-4668-BE54-9A1E7A4F7556}") = "Remove_Duplicate_Elements_from_Array", "Remove_Duplicate_Elements_from_Array\Remove_Duplicate_Elements_from_Array.csproj", "{249A9951-C0B5-407D-8389-D084BEBB73DC}"
EndProject
Project("{9A19103F-16F7-4668-BE54-9A1E7A4F7556}") = "Second_Largest_Number_in_Array", "Second_Largest_Number_in_Array\Second_Largest_Number_in_Array.csproj", "{1C25A4B6-4753-472C-9461-40157F153DD1}"
EndProject
Project("{9A19103F-16F7-4668-BE54-9A1E7A4F7556}") = "Sort_Array_Bubble Sort", "Sort_Array_Bubble Sort\Sort_Array_Bubble Sort.csproj", "{E10C555C-FBED-4B85-A400-84F7C8B5040A}"
EndProject
Project("{9A19103F-16F7-4668-BE54-9A1E7A4F7556}") = "ReverseNumber", "ReverseNumber\ReverseNumber.csproj", "{13A86ADA-717A-4158-9FFE-EEBC58FACBE7}"
EndProject
Project("{9A19103F-16F7-4668-BE54-9A1E7A4F7556}") = "Check_Prime_Number", "Check_Prime_Number\Check_Prime_Number.csproj", "{803A96D4-D7F2-49A6-807D-F7470B2C1D9D}"
EndProject
Project("{9A19103F-16F7-4668-BE54-9A1E7A4F7556}") = "Linear Search", "Linear Search\Linear Search.csproj", "{AB3F1E13-8B9D-45FF-9269-43FDECB56060}"
EndProject
Project("{9A19103F-16F7-4668-BE54-9A1E7A4F7556}") = "Check_Even_or_Odd", "Check_Even_or_Odd\Check_Even_or_Odd.csproj", "{4E8CF8F5-0A2C-4063-9D59-B02901E3D31D}"
EndProject
Project("{9A19103F-16F7-4668-BE54-9A1E7A4F7556}") = "Sum_of_Array_Elements", "Sum_of_Array_Elements\Sum_of_Array_Elements.csproj", "{971977D9-9542-46E5-A996-AB54E42F9E3A}"
EndProject
Project("{9A19103F-16F7-4668-BE54-9A1E7A4F7556}") = "Check_Anagram", "Check_Anagram\Check_Anagram.csproj", "{A0676A87-4370-4374-9479-B189EE826171}"
EndProject
Project("{9A19103F-16F7-4668-BE54-9A1E7A4F7556}") = "Reverse_Array", "Reverse_Array\Reverse_Array.csproj", "{C9277061-2D4D-486E-A6CC-190999CF3275}"
EndProject
Project("{9A19103F-16F7-4668-BE54-9A1E7A4F7556}") = "Right_Triangle_Pattern", "Right_Triangle_Pattern\Right_Triangle_Pattern.csproj", "{F9DD30D3-4BE1-4C9C-AB7C-DC01090395E1}"
EndProject
Project("{9A19103F-16F7-4668-BE54-9A1E7A4F7556}") = "Inverted_Right_Triangle", "Inverted_Right_Triangle\Inverted_Right_Triangle.csproj", "{19B5AFD9-808D-4A0D-96BD-AFB68F9086EA}"
EndProject
Project("{9A19103F-16F7-4668-BE54-9A1E7A4F7556}") = "Square_Star_Pattern", "Square_Star_Pattern\Square_Star_Pattern.csproj", "{3083C92B-0246-4C98-8DC7-386F8F048E29}"
EndProject
Project("{9A19103F-16F7-4668-BE54-9A1E7A4F7556}") = "Pyramid_Pattern", "Pyramid_Pattern\Pyramid_Pattern.csproj", "{06197FFC-085B-4192-AD4A-0862689412FF}"
EndProject
Project("{9A19103F-16F7-4668-BE54-9A1E7A4F7556}") = "Find_Largest_Number_in_Array", "Find_Largest_Number_in_Array\Find_Largest_Number_in_Array.csproj", "{26C182B5-407C-4C8A-9A17-6F85484C3D8F}"
EndProject
Project("{9A19103F-16F7-4668-BE54-9A1E7A4F7556}") = "Number_Triangle_Pattern", "Number_Triangle_Pattern\Number_Triangle_Pattern.csproj", "{173DC10C-0852-492C-AC30-FC8558375D1B}"
EndProject
Project("{9A19103F-16F7-4668-BE54-9A1E7A4F7556}") = "Floyd’s_Triangle", "Floyd’s_Triangle\Floyd’s_Triangle.csproj", "{67D988C5-978C-4813-9631-40AD20EEB8C3}"
EndProject
Project("{9A19103F-16F7-4668-BE54-9A1E7A4F7556}") = "Diamond_Pattern", "Diamond_Pattern\Diamond_Pattern.csproj", "{9B81276C-5648-46E7-8BD9-A5B85FF6E2BC}"
EndProject
Project("{9A19103F-16F7-4668-BE54-9A1E7A4F7556}") = "Inverted_Pyramid", "Inverted_Pyramid\Inverted_Pyramid.csproj", "{B6114762-B56D-4C1B-9BFA-4D9E0E6A0754}"
EndProject
Project("{9A19103F-16F7-4668-BE54-9A1E7A4F7556}") = "Diamond Pattern", "Diamond Pattern\Diamond Pattern.csproj", "{ACD5B2D7-2A23-4356-B428-5A6B47DA8302}"
EndProject
Project("{9A19103F-16F7-4668-BE54-9A1E7A4F7556}") = "Simple_Number_Triangle", "Simple_Number_Triangle\Simple_Number_Triangle.csproj", "{867A13ED-C637-4C45-98FF-6E319D2A362C}"
EndProject
Project("{9A19103F-16F7-4668-BE54-9A1E7A4F7556}") = "Pyramid_Number_Pattern", "Pyramid_Number_Pattern\Pyramid_Number_Pattern.csproj", "{48F93747-D6DF-43FA-A47E-6AAAC5CD2769}"
EndProject
Project("{9A19103F-16F7-4668-BE54-9A1E7A4F7556}") = "Inverted_Number_Triangle", "Inverted_Number_Triangle\Inverted_Number_Triangle.csproj", "{9EEC6947-16B6-4CD7-8A09-AD9557244999}"
EndProject
Project("{9A19103F-16F7-4668-BE54-9A1E7A4F7556}") = "Repeated Row Number Pattern", "Repeated Row Number Pattern\Repeated Row Number Pattern.csproj", "{76AFEF80-D0D4-4913-BB27-501A3321B9C5}"
EndProject
Project("{FAE04EC0-301F-11D3-BF4B-00C04F79EFBC}") = "Reverse_Number_Triangle", "Reverse_Number_Triangle\Reverse_Number_Triangle.csproj", "{C13DD2E1-97D1-431D-91D7-0184B12EC2E8}"
EndProject
Project("{FAE04EC0-301F-11D3-BF4B-00C04F79EFBC}") = "Increment_by_Row_Pattern", "Increment_by_Row_Pattern\Increment_by_Row_Pattern.csproj", "{CE0CE451-D857-4400-B782-7B94B6689ABB}"
EndProject
Project("{FAE04EC0-301F-11D3-BF4B-00C04F79EFBC}") = "Centered_Number_Pyramid", "Centered_Number_Pyramid\Centered_Number_Pyramid.csproj", "{3FA5B2D8-23F8-4F22-A1F6-0D6190FAA048}"
EndProject
Global
	GlobalSection(SolutionConfigurationPlatforms) = preSolution
		Debug|Any CPU = Debug|Any CPU
		Release|Any CPU = Release|Any CPU
	EndGlobalSection
	GlobalSection(ProjectConfigurationPlatforms) = postSolution
		{8D3D8FA6-CC29-4C82-A434-AB6B2DB5496B}.Debug|Any CPU.ActiveCfg = Debug|Any CPU
		{8D3D8FA6-CC29-4C82-A434-AB6B2DB5496B}.Debug|Any CPU.Build.0 = Debug|Any CPU
		{8D3D8FA6-CC29-4C82-A434-AB6B2DB5496B}.Release|Any CPU.ActiveCfg = Release|Any CPU
		{8D3D8FA6-CC29-4C82-A434-AB6B2DB5496B}.Release|Any CPU.Build.0 = Release|Any CPU
		{C0F454F1-C5A8-4A49-99B2-02723CB32996}.Debug|Any CPU.ActiveCfg = Debug|Any CPU
		{C0F454F1-C5A8-4A49-99B2-02723CB32996}.Debug|Any CPU.Build.0 = Debug|Any CPU
		{C0F454F1-C5A8-4A49-99B2-02723CB32996}.Release|Any CPU.ActiveCfg = Release|Any CPU
		{C0F454F1-C5A8-4A49-99B2-02723CB32996}.Release|Any CPU.Build.0 = Release|Any CPU
		{18053E27-0761-4DE7-969A-83721A4EAB49}.Debug|Any CPU.ActiveCfg = Debug|Any CPU
		{18053E27-0761-4DE7-969A-83721A4EAB49}.Debug|Any CPU.Build.0 = Debug|Any CPU
		{18053E27-0761-4DE7-969A-83721A4EAB49}.Release|Any CPU.ActiveCfg = Release|Any CPU
		{18053E27-0761-4DE7-969A-83721A4EAB49}.Release|Any CPU.Build.0 = Release|Any CPU
		{A4D652DA-9D42-43CE-B136-F8B3B0D6E5E8}.Debug|Any CPU.ActiveCfg = Debug|Any CPU
		{A4D652DA-9D42-43CE-B136-F8B3B0D6E5E8}.Debug|Any CPU.Build.0 = Debug|Any CPU
		{A4D652DA-9D42-43CE-B136-F8B3B0D6E5E8}.Release|Any CPU.ActiveCfg = Release|Any CPU
		{A4D652DA-9D42-43CE-B136-F8B3B0D6E5E8}.Release|Any CPU.Build.0 = Release|Any CPU
		{A3F15E3A-0370-4E34-9031-1D50F46803C7}.Debug|Any CPU.ActiveCfg = Debug|Any CPU
		{A3F15E3A-0370-4E34-9031-1D50F46803C7}.Debug|Any CPU.Build.0 = Debug|Any CPU
		{A3F15E3A-0370-4E34-9031-1D50F46803C7}.Release|Any CPU.ActiveCfg = Release|Any CPU
		{A3F15E3A-0370-4E34-9031-1D50F46803C7}.Release|Any CPU.Build.0 = Release|Any CPU
		{D2F37506-9793-4EEC-9BA2-E02F4EC13DFB}.Debug|Any CPU.ActiveCfg = Debug|Any CPU
		{D2F37506-9793-4EEC-9BA2-E02F4EC13DFB}.Debug|Any CPU.Build.0 = Debug|Any CPU
		{D2F37506-9793-4EEC-9BA2-E02F4EC13DFB}.Release|Any CPU.ActiveCfg = Release|Any CPU
		{D2F37506-9793-4EEC-9BA2-E02F4EC13DFB}.Release|Any CPU.Build.0 = Release|Any CPU
		{0E46BA28-2D23-49CE-990A-09085BD0ECCF}.Debug|Any CPU.ActiveCfg = Debug|Any CPU
		{0E46BA28-2D23-49CE-990A-09085BD0ECCF}.Debug|Any CPU.Build.0 = Debug|Any CPU
		{0E46BA28-2D23-49CE-990A-09085BD0ECCF}.Release|Any CPU.ActiveCfg = Release|Any CPU
		{0E46BA28-2D23-49CE-990A-09085BD0ECCF}.Release|Any CPU.Build.0 = Release|Any CPU
		{19989BFF-7B04-407B-8E36-95EF9211D8C2}.Debug|Any CPU.ActiveCfg = Debug|Any CPU
		{19989BFF-7B04-407B-8E36-95EF9211D8C2}.Debug|Any CPU.Build.0 = Debug|Any CPU
		{19989BFF-7B04-407B-8E36-95EF9211D8C2}.Release|Any CPU.ActiveCfg = Release|Any CPU
		{19989BFF-7B04-407B-8E36-95EF9211D8C2}.Release|Any CPU.Build.0 = Release|Any CPU
		{249A9951-C0B5-407D-8389-D084BEBB73DC}.Debug|Any CPU.ActiveCfg = Debug|Any CPU
		{249A9951-C0B5-407D-8389-D084BEBB73DC}.Debug|Any CPU.Build.0 = Debug|Any CPU
		{249A9951-C0B5-407D-8389-D084BEBB73DC}.Release|Any CPU.ActiveCfg = Release|Any CPU
		{249A9951-C0B5-407D-8389-D084BEBB73DC}.Release|Any CPU.Build.0 = Release|Any CPU
		{1C25A4B6-4753-472C-9461-40157F153DD1}.Debug|Any CPU.ActiveCfg = Debug|Any CPU
		{1C25A4B6-4753-472C-9461-40157F153DD1}.Debug|Any CPU.Build.0 = Debug|Any CPU
		{1C25A4B6-4753-472C-9461-40157F153DD1}.Release|Any CPU.ActiveCfg = Release|Any CPU
		{1C25A4B6-4753-472C-9461-40157F153DD1}.Release|Any CPU.Build.0 = Release|Any CPU
		{E10C555C-FBED-4B85-A400-84F7C8B5040A}.Debug|Any CPU.ActiveCfg = Debug|Any CPU
		{E10C555C-FBED-4B85-A400-84F7C8B5040A}.Debug|Any CPU.Build.0 = Debug|Any CPU
		{E10C555C-FBED-4B85-A400-84F7C8B5040A}.Release|Any CPU.ActiveCfg = Release|Any CPU
		{E10C555C-FBED-4B85-A400-84F7C8B5040A}.Release|Any CPU.Build.0 = Release|Any CPU
		{13A86ADA-717A-4158-9FFE-EEBC58FACBE7}.Debug|Any CPU.ActiveCfg = Debug|Any CPU
		{13A86ADA-717A-4158-9FFE-EEBC58FACBE7}.Debug|Any CPU.Build.0 = Debug|Any CPU
		{13A86ADA-717A-4158-9FFE-EEBC58FACBE7}.Release|Any CPU.ActiveCfg = Release|Any CPU
		{13A86ADA-717A-4158-9FFE-EEBC58FACBE7}.Release|Any CPU.Build.0 = Release|Any CPU
		{803A96D4-D7F2-49A6-807D-F7470B2C1D9D}.Debug|Any CPU.ActiveCfg = Debug|Any CPU
		{803A96D4-D7F2-49A6-807D-F7470B2C1D9D}.Debug|Any CPU.Build.0 = Debug|Any CPU
		{803A96D4-D7F2-49A6-807D-F7470B2C1D9D}.Release|Any CPU.ActiveCfg = Release|Any CPU
		{803A96D4-D7F2-49A6-807D-F7470B2C1D9D}.Release|Any CPU.Build.0 = Release|Any CPU
		{AB3F1E13-8B9D-45FF-9269-43FDECB56060}.Debug|Any CPU.ActiveCfg = Debug|Any CPU
		{AB3F1E13-8B9D-45FF-9269-43FDECB56060}.Debug|Any CPU.Build.0 = Debug|Any CPU
		{AB3F1E13-8B9D-45FF-9269-43FDECB56060}.Release|Any CPU.ActiveCfg = Release|Any CPU
		{AB3F1E13-8B9D-45FF-9269-43FDECB56060}.Release|Any CPU.Build.0 = Release|Any CPU
		{4E8CF8F5-0A2C-4063-9D59-B02901E3D31D}.Debug|Any CPU.ActiveCfg = Debug|Any CPU
		{4E8CF8F5-0A2C-4063-9D59-B02901E3D31D}.Debug|Any CPU.Build.0 = Debug|Any CPU
		{4E8CF8F5-0A2C-4063-9D59-B02901E3D31D}.Release|Any CPU.ActiveCfg = Release|Any CPU
		{4E8CF8F5-0A2C-4063-9D59-B02901E3D31D}.Release|Any CPU.Build.0 = Release|Any CPU
		{971977D9-9542-46E5-A996-AB54E42F9E3A}.Debug|Any CPU.ActiveCfg = Debug|Any CPU
		{971977D9-9542-46E5-A996-AB54E42F9E3A}.Debug|Any CPU.Build.0 = Debug|Any CPU
		{971977D9-9542-46E5-A996-AB54E42F9E3A}.Release|Any CPU.ActiveCfg = Release|Any CPU
		{971977D9-9542-46E5-A996-AB54E42F9E3A}.Release|Any CPU.Build.0 = Release|Any CPU
		{A0676A87-4370-4374-9479-B189EE826171}.Debug|Any CPU.ActiveCfg = Debug|Any CPU
		{A0676A87-4370-4374-9479-B189EE826171}.Debug|Any CPU.Build.0 = Debug|Any CPU
		{A0676A87-4370-4374-9479-B189EE826171}.Release|Any CPU.ActiveCfg = Release|Any CPU
		{A0676A87-4370-4374-9479-B189EE826171}.Release|Any CPU.Build.0 = Release|Any CPU
		{C9277061-2D4D-486E-A6CC-190999CF3275}.Debug|Any CPU.ActiveCfg = Debug|Any CPU
		{C9277061-2D4D-486E-A6CC-190999CF3275}.Debug|Any CPU.Build.0 = Debug|Any CPU
		{C9277061-2D4D-486E-A6CC-190999CF3275}.Release|Any CPU.ActiveCfg = Release|Any CPU
		{C9277061-2D4D-486E-A6CC-190999CF3275}.Release|Any CPU.Build.0 = Release|Any CPU
		{F9DD30D3-4BE1-4C9C-AB7C-DC01090395E1}.Debug|Any CPU.ActiveCfg = Debug|Any CPU
		{F9DD30D3-4BE1-4C9C-AB7C-DC01090395E1}.Debug|Any CPU.Build.0 = Debug|Any CPU
		{F9DD30D3-4BE1-4C9C-AB7C-DC01090395E1}.Release|Any CPU.ActiveCfg = Release|Any CPU
		{F9DD30D3-4BE1-4C9C-AB7C-DC01090395E1}.Release|Any CPU.Build.0 = Release|Any CPU
		{19B5AFD9-808D-4A0D-96BD-AFB68F9086EA}.Debug|Any CPU.ActiveCfg = Debug|Any CPU
		{19B5AFD9-808D-4A0D-96BD-AFB68F9086EA}.Debug|Any CPU.Build.0 = Debug|Any CPU
		{19B5AFD9-808D-4A0D-96BD-AFB68F9086EA}.Release|Any CPU.ActiveCfg = Release|Any CPU
		{19B5AFD9-808D-4A0D-96BD-AFB68F9086EA}.Release|Any CPU.Build.0 = Release|Any CPU
		{3083C92B-0246-4C98-8DC7-386F8F048E29}.Debug|Any CPU.ActiveCfg = Debug|Any CPU
		{3083C92B-0246-4C98-8DC7-386F8F048E29}.Debug|Any CPU.Build.0 = Debug|Any CPU
		{3083C92B-0246-4C98-8DC7-386F8F048E29}.Release|Any CPU.ActiveCfg = Release|Any CPU
		{3083C92B-0246-4C98-8DC7-386F8F048E29}.Release|Any CPU.Build.0 = Release|Any CPU
		{06197FFC-085B-4192-AD4A-0862689412FF}.Debug|Any CPU.ActiveCfg = Debug|Any CPU
		{06197FFC-085B-4192-AD4A-0862689412FF}.Debug|Any CPU.Build.0 = Debug|Any CPU
		{06197FFC-085B-4192-AD4A-0862689412FF}.Release|Any CPU.ActiveCfg = Release|Any CPU
		{06197FFC-085B-4192-AD4A-0862689412FF}.Release|Any CPU.Build.0 = Release|Any CPU
		{26C182B5-407C-4C8A-9A17-6F85484C3D8F}.Debug|Any CPU.ActiveCfg = Debug|Any CPU
		{26C182B5-407C-4C8A-9A17-6F85484C3D8F}.Debug|Any CPU.Build.0 = Debug|Any CPU
		{26C182B5-407C-4C8A-9A17-6F85484C3D8F}.Release|Any CPU.ActiveCfg = Release|Any CPU
		{26C182B5-407C-4C8A-9A17-6F85484C3D8F}.Release|Any CPU.Build.0 = Release|Any CPU
		{173DC10C-0852-492C-AC30-FC8558375D1B}.Debug|Any CPU.ActiveCfg = Debug|Any CPU
		{173DC10C-0852-492C-AC30-FC8558375D1B}.Debug|Any CPU.Build.0 = Debug|Any CPU
		{173DC10C-0852-492C-AC30-FC8558375D1B}.Release|Any CPU.ActiveCfg = Release|Any CPU
		{173DC10C-0852-492C-AC30-FC8558375D1B}.Release|Any CPU.Build.0 = Release|Any CPU
		{67D988C5-978C-4813-9631-40AD20EEB8C3}.Debug|Any CPU.ActiveCfg = Debug|Any CPU
		{67D988C5-978C-4813-9631-40AD20EEB8C3}.Debug|Any CPU.Build.0 = Debug|Any CPU
		{67D988C5-978C-4813-9631-40AD20EEB8C3}.Release|Any CPU.ActiveCfg = Release|Any CPU
		{67D988C5-978C-4813-9631-40AD20EEB8C3}.Release|Any CPU.Build.0 = Release|Any CPU
		{9B81276C-5648-46E7-8BD9-A5B85FF6E2BC}.Debug|Any CPU.ActiveCfg = Debug|Any CPU
		{9B81276C-5648-46E7-8BD9-A5B85FF6E2BC}.Debug|Any CPU.Build.0 = Debug|Any CPU
		{9B81276C-5648-46E7-8BD9-A5B85FF6E2BC}.Release|Any CPU.ActiveCfg = Release|Any CPU
		{9B81276C-5648-46E7-8BD9-A5B85FF6E2BC}.Release|Any CPU.Build.0 = Release|Any CPU
		{B6114762-B56D-4C1B-9BFA-4D9E0E6A0754}.Debug|Any CPU.ActiveCfg = Debug|Any CPU
		{B6114762-B56D-4C1B-9BFA-4D9E0E6A0754}.Debug|Any CPU.Build.0 = Debug|Any CPU
		{B6114762-B56D-4C1B-9BFA-4D9E0E6A0754}.Release|Any CPU.ActiveCfg = Release|Any CPU
		{B6114762-B56D-4C1B-9BFA-4D9E0E6A0754}.Release|Any CPU.Build.0 = Release|Any CPU
		{ACD5B2D7-2A23-4356-B428-5A6B47DA8302}.Debug|Any CPU.ActiveCfg = Debug|Any CPU
		{ACD5B2D7-2A23-4356-B428-5A6B47DA8302}.Debug|Any CPU.Build.0 = Debug|Any CPU
		{ACD5B2D7-2A23-4356-B428-5A6B47DA8302}.Release|Any CPU.ActiveCfg = Release|Any CPU
		{ACD5B2D7-2A23-4356-B428-5A6B47DA8302}.Release|Any CPU.Build.0 = Release|Any CPU
		{867A13ED-C637-4C45-98FF-6E319D2A362C}.Debug|Any CPU.ActiveCfg = Debug|Any CPU
		{867A13ED-C637-4C45-98FF-6E319D2A362C}.Debug|Any CPU.Build.0 = Debug|Any CPU
		{867A13ED-C637-4C45-98FF-6E319D2A362C}.Release|Any CPU.ActiveCfg = Release|Any CPU
		{867A13ED-C637-4C45-98FF-6E319D2A362C}.Release|Any CPU.Build.0 = Release|Any CPU
		{48F93747-D6DF-43FA-A47E-6AAAC5CD2769}.Debug|Any CPU.ActiveCfg = Debug|Any CPU
		{48F93747-D6DF-43FA-A47E-6AAAC5CD2769}.Debug|Any CPU.Build.0 = Debug|Any CPU
		{48F93747-D6DF-43FA-A47E-6AAAC5CD2769}.Release|Any CPU.ActiveCfg = Release|Any CPU
		{48F93747-D6DF-43FA-A47E-6AAAC5CD2769}.Release|Any CPU.Build.0 = Release|Any CPU
		{9EEC6947-16B6-4CD7-8A09-AD9557244999}.Debug|Any CPU.ActiveCfg = Debug|Any CPU
		{9EEC6947-16B6-4CD7-8A09-AD9557244999}.Debug|Any CPU.Build.0 = Debug|Any CPU
		{9EEC6947-16B6-4CD7-8A09-AD9557244999}.Release|Any CPU.ActiveCfg = Release|Any CPU
		{9EEC6947-16B6-4CD7-8A09-AD9557244999}.Release|Any CPU.Build.0 = Release|Any CPU
		{76AFEF80-D0D4-4913-BB27-501A3321B9C5}.Debug|Any CPU.ActiveCfg = Debug|Any CPU
		{76AFEF80-D0D4-4913-BB27-501A3321B9C5}.Debug|Any CPU.Build.0 = Debug|Any CPU
		{76AFEF80-D0D4-4913-BB27-501A3321B9C5}.Release|Any CPU.ActiveCfg = Release|Any CPU
		{76AFEF80-D0D4-4913-BB27-501A3321B9C5}.Release|Any CPU.Build.0 = Release|Any CPU
		{C13DD2E1-97D1-431D-91D7-0184B12EC2E8}.Debug|Any CPU.ActiveCfg = Debug|Any CPU
		{C13DD2E1-97D1-431D-91D7-0184B12EC2E8}.Debug|Any CPU.Build.0 = Debug|Any CPU
		{C13DD2E1-97D1-431D-91D7-0184B12EC2E8}.Release|Any CPU.ActiveCfg = Release|Any CPU
		{C13DD2E1-97D1-431D-91D7-0184B12EC2E8}.Release|Any CPU.Build.0 = Release|Any CPU
		{CE0CE451-D857-4400-B782-7B94B6689ABB}.Debug|Any CPU.ActiveCfg = Debug|Any CPU
		{CE0CE451-D857-4400-B782-7B94B6689ABB}.Debug|Any CPU.Build.0 = Debug|Any CPU
		{CE0CE451-D857-4400-B782-7B94B6689ABB}.Release|Any CPU.ActiveCfg = Release|Any CPU
		{CE0CE451-D857-4400-B782-7B94B6689ABB}.Release|Any CPU.Build.0 = Release|Any CPU
		{3FA5B2D8-23F8-4F22-A1F6-0D6190FAA048}.Debug|Any CPU.ActiveCfg = Debug|Any CPU
		{3FA5B2D8-23F8-4F22-A1F6-0D6190FAA048}.Debug|Any CPU.Build.0 = Debug|Any CPU
		{3FA5B2D8-23F8-4F22-A1F6-0D6190FAA048}.Release|Any CPU.ActiveCfg = Release|Any CPU
		{3FA5B2D8-23F8-4F22-A1F6-0D6190FAA048}.Release|Any CPU.Build.0 = Release|Any CPU
	EndGlobalSection
	GlobalSection(SolutionProperties) = preSolution
		HideSolutionNode = FALSE
	EndGlobalSection
	GlobalSection(ExtensibilityGlobals) = postSolution
		SolutionGuid = {B80E9140-6045-4581-A974-9CBB3A657737}
	EndGlobalSection
EndGlobal
